Microsoft Visual Studio Solution File, Format Version 12.00
# Visual Studio Version 17
VisualStudioVersion = 17.5.2.0
MinimumVisualStudioVersion = 10.0.40219.1
Project("{FAE04EC0-301F-11D3-BF4B-00C04F79EFBC}") = "ECF_AEL", "ECF_AEL\ECF_AEL.csproj", "{CCD48BD9-FC8F-107E-583D-2E45D8687053}"
EndProject
Global
	GlobalSection(SolutionConfigurationPlatforms) = preSolution
		Debug|Any CPU = Debug|Any CPU
		Release|Any CPU = Release|Any CPU
	EndGlobalSection
	GlobalSection(ProjectConfigurationPlatforms) = postSolution
		{CCD48BD9-FC8F-107E-583D-2E45D8687053}.Debug|Any CPU.ActiveCfg = Debug|Any CPU
		{CCD48BD9-FC8F-107E-583D-2E45D8687053}.Debug|Any CPU.Build.0 = Debug|Any CPU
		{CCD48BD9-FC8F-107E-583D-2E45D8687053}.Release|Any CPU.ActiveCfg = Release|Any CPU
		{CCD48BD9-FC8F-107E-583D-2E45D8687053}.Release|Any CPU.Build.0 = Release|Any CPU
	EndGlobalSection
	GlobalSection(SolutionProperties) = preSolution
		HideSolutionNode = FALSE
	EndGlobalSection
	GlobalSection(ExtensibilityGlobals) = postSolution
		SolutionGuid = {65594130-0254-4670-A01D-8DDD0BF22083}
	EndGlobalSection
EndGlobal
